
Microsoft Visual Studio Solution File, Format Version 12.00
# Visual Studio Version 16
VisualStudioVersion = 16.0.30114.105
MinimumVisualStudioVersion = 10.0.40219.1
Project("{9A19103F-16F7-4668-BE54-9A1E7A4F7556}") = "SelfMonitoringApp", "SelfMonitoringApp\SelfMonitoringApp\SelfMonitoringApp.csproj", "{AC40A442-F8F5-4DEB-A4A0-A4BA10420CE7}"
EndProject
Project("{FAE04EC0-301F-11D3-BF4B-00C04F79EFBC}") = "SelfMonitoringApp.Android", "SelfMonitoringApp\SelfMonitoringApp.Android\SelfMonitoringApp.Android.csproj", "{85322983-A41F-401D-890B-304A10C44BBF}"
EndProject
Project("{FAE04EC0-301F-11D3-BF4B-00C04F79EFBC}") = "SelfMonitoringApp.iOS", "SelfMonitoringApp\SelfMonitoringApp.iOS\SelfMonitoringApp.iOS.csproj", "{9278605F-16C4-4BFA-BD7B-54D4C8E1D338}"
EndProject
Project("{2150E333-8FDC-42A3-9474-1A3956D46DE8}") = "Tests", "Tests", "{8626FC66-254F-40DF-AB42-064C9AE97DE8}"
EndProject
Project("{FAE04EC0-301F-11D3-BF4B-00C04F79EFBC}") = "SelfMonitoringApp.UITests", "Tests\SelfMonitoringApp.UITests\SelfMonitoringApp.UITests.csproj", "{C1D75469-027A-4C4A-9CBD-45B1E7E3F520}"
EndProject
Project("{FAE04EC0-301F-11D3-BF4B-00C04F79EFBC}") = "SelfMonitoringApp.UWP", "SelfMonitoringApp\SelfMonitoringApp.UWP\SelfMonitoringApp.UWP.csproj", "{86F83A6A-48D8-4BEA-8E1D-5A93B396E57F}"
EndProject
Project("{9A19103F-16F7-4668-BE54-9A1E7A4F7556}") = "SelfMonitoringApp.UnitTests", "Tests\SelfMonitoringApp.UnitTests\SelfMonitoringApp.UnitTests.csproj", "{65EF8BE8-140A-492A-9430-51E792B4E32A}"
EndProject
Global
	GlobalSection(SolutionConfigurationPlatforms) = preSolution
		Ad-Hoc|Any CPU = Ad-Hoc|Any CPU
		Ad-Hoc|ARM = Ad-Hoc|ARM
		Ad-Hoc|ARM64 = Ad-Hoc|ARM64
		Ad-Hoc|iPhone = Ad-Hoc|iPhone
		Ad-Hoc|iPhoneSimulator = Ad-Hoc|iPhoneSimulator
		Ad-Hoc|x64 = Ad-Hoc|x64
		Ad-Hoc|x86 = Ad-Hoc|x86
		AppStore|Any CPU = AppStore|Any CPU
		AppStore|ARM = AppStore|ARM
		AppStore|ARM64 = AppStore|ARM64
		AppStore|iPhone = AppStore|iPhone
		AppStore|iPhoneSimulator = AppStore|iPhoneSimulator
		AppStore|x64 = AppStore|x64
		AppStore|x86 = AppStore|x86
		Debug|Any CPU = Debug|Any CPU
		Debug|ARM = Debug|ARM
		Debug|ARM64 = Debug|ARM64
		Debug|iPhone = Debug|iPhone
		Debug|iPhoneSimulator = Debug|iPhoneSimulator
		Debug|x64 = Debug|x64
		Debug|x86 = Debug|x86
		Release|Any CPU = Release|Any CPU
		Release|ARM = Release|ARM
		Release|ARM64 = Release|ARM64
		Release|iPhone = Release|iPhone
		Release|iPhoneSimulator = Release|iPhoneSimulator
		Release|x64 = Release|x64
		Release|x86 = Release|x86
	EndGlobalSection
	GlobalSection(ProjectConfigurationPlatforms) = postSolution
		{AC40A442-F8F5-4DEB-A4A0-A4BA10420CE7}.Ad-Hoc|Any CPU.ActiveCfg = Release|Any CPU
		{AC40A442-F8F5-4DEB-A4A0-A4BA10420CE7}.Ad-Hoc|Any CPU.Build.0 = Release|Any CPU
		{AC40A442-F8F5-4DEB-A4A0-A4BA10420CE7}.Ad-Hoc|ARM.ActiveCfg = Debug|Any CPU
		{AC40A442-F8F5-4DEB-A4A0-A4BA10420CE7}.Ad-Hoc|ARM.Build.0 = Debug|Any CPU
		{AC40A442-F8F5-4DEB-A4A0-A4BA10420CE7}.Ad-Hoc|ARM64.ActiveCfg = Debug|Any CPU
		{AC40A442-F8F5-4DEB-A4A0-A4BA10420CE7}.Ad-Hoc|ARM64.Build.0 = Debug|Any CPU
		{AC40A442-F8F5-4DEB-A4A0-A4BA10420CE7}.Ad-Hoc|iPhone.ActiveCfg = Debug|Any CPU
		{AC40A442-F8F5-4DEB-A4A0-A4BA10420CE7}.Ad-Hoc|iPhone.Build.0 = Debug|Any CPU
		{AC40A442-F8F5-4DEB-A4A0-A4BA10420CE7}.Ad-Hoc|iPhoneSimulator.ActiveCfg = Release|Any CPU
		{AC40A442-F8F5-4DEB-A4A0-A4BA10420CE7}.Ad-Hoc|iPhoneSimulator.Build.0 = Release|Any CPU
		{AC40A442-F8F5-4DEB-A4A0-A4BA10420CE7}.Ad-Hoc|x64.ActiveCfg = Debug|Any CPU
		{AC40A442-F8F5-4DEB-A4A0-A4BA10420CE7}.Ad-Hoc|x64.Build.0 = Debug|Any CPU
		{AC40A442-F8F5-4DEB-A4A0-A4BA10420CE7}.Ad-Hoc|x86.ActiveCfg = Debug|Any CPU
		{AC40A442-F8F5-4DEB-A4A0-A4BA10420CE7}.Ad-Hoc|x86.Build.0 = Debug|Any CPU
		{AC40A442-F8F5-4DEB-A4A0-A4BA10420CE7}.AppStore|Any CPU.ActiveCfg = Release|Any CPU
		{AC40A442-F8F5-4DEB-A4A0-A4BA10420CE7}.AppStore|Any CPU.Build.0 = Release|Any CPU
		{AC40A442-F8F5-4DEB-A4A0-A4BA10420CE7}.AppStore|ARM.ActiveCfg = Debug|Any CPU
		{AC40A442-F8F5-4DEB-A4A0-A4BA10420CE7}.AppStore|ARM.Build.0 = Debug|Any CPU
		{AC40A442-F8F5-4DEB-A4A0-A4BA10420CE7}.AppStore|ARM64.ActiveCfg = Debug|Any CPU
		{AC40A442-F8F5-4DEB-A4A0-A4BA10420CE7}.AppStore|ARM64.Build.0 = Debug|Any CPU
		{AC40A442-F8F5-4DEB-A4A0-A4BA10420CE7}.AppStore|iPhone.ActiveCfg = Debug|Any CPU
		{AC40A442-F8F5-4DEB-A4A0-A4BA10420CE7}.AppStore|iPhone.Build.0 = Debug|Any CPU
		{AC40A442-F8F5-4DEB-A4A0-A4BA10420CE7}.AppStore|iPhoneSimulator.ActiveCfg = Release|Any CPU
		{AC40A442-F8F5-4DEB-A4A0-A4BA10420CE7}.AppStore|iPhoneSimulator.Build.0 = Release|Any CPU
		{AC40A442-F8F5-4DEB-A4A0-A4BA10420CE7}.AppStore|x64.ActiveCfg = Debug|Any CPU
		{AC40A442-F8F5-4DEB-A4A0-A4BA10420CE7}.AppStore|x64.Build.0 = Debug|Any CPU
		{AC40A442-F8F5-4DEB-A4A0-A4BA10420CE7}.AppStore|x86.ActiveCfg = Debug|Any CPU
		{AC40A442-F8F5-4DEB-A4A0-A4BA10420CE7}.AppStore|x86.Build.0 = Debug|Any CPU
		{AC40A442-F8F5-4DEB-A4A0-A4BA10420CE7}.Debug|Any CPU.ActiveCfg = Debug|Any CPU
		{AC40A442-F8F5-4DEB-A4A0-A4BA10420CE7}.Debug|Any CPU.Build.0 = Debug|Any CPU
		{AC40A442-F8F5-4DEB-A4A0-A4BA10420CE7}.Debug|ARM.ActiveCfg = Debug|Any CPU
		{AC40A442-F8F5-4DEB-A4A0-A4BA10420CE7}.Debug|ARM.Build.0 = Debug|Any CPU
		{AC40A442-F8F5-4DEB-A4A0-A4BA10420CE7}.Debug|ARM64.ActiveCfg = Debug|Any CPU
		{AC40A442-F8F5-4DEB-A4A0-A4BA10420CE7}.Debug|ARM64.Build.0 = Debug|Any CPU
		{AC40A442-F8F5-4DEB-A4A0-A4BA10420CE7}.Debug|iPhone.ActiveCfg = Debug|Any CPU
		{AC40A442-F8F5-4DEB-A4A0-A4BA10420CE7}.Debug|iPhone.Build.0 = Debug|Any CPU
		{AC40A442-F8F5-4DEB-A4A0-A4BA10420CE7}.Debug|iPhoneSimulator.ActiveCfg = Debug|Any CPU
		{AC40A442-F8F5-4DEB-A4A0-A4BA10420CE7}.Debug|iPhoneSimulator.Build.0 = Debug|Any CPU
		{AC40A442-F8F5-4DEB-A4A0-A4BA10420CE7}.Debug|x64.ActiveCfg = Debug|Any CPU
		{AC40A442-F8F5-4DEB-A4A0-A4BA10420CE7}.Debug|x64.Build.0 = Debug|Any CPU
		{AC40A442-F8F5-4DEB-A4A0-A4BA10420CE7}.Debug|x86.ActiveCfg = Debug|Any CPU
		{AC40A442-F8F5-4DEB-A4A0-A4BA10420CE7}.Debug|x86.Build.0 = Debug|Any CPU
		{AC40A442-F8F5-4DEB-A4A0-A4BA10420CE7}.Release|Any CPU.ActiveCfg = Release|Any CPU
		{AC40A442-F8F5-4DEB-A4A0-A4BA10420CE7}.Release|Any CPU.Build.0 = Release|Any CPU
		{AC40A442-F8F5-4DEB-A4A0-A4BA10420CE7}.Release|ARM.ActiveCfg = Release|Any CPU
		{AC40A442-F8F5-4DEB-A4A0-A4BA10420CE7}.Release|ARM.Build.0 = Release|Any CPU
		{AC40A442-F8F5-4DEB-A4A0-A4BA10420CE7}.Release|ARM64.ActiveCfg = Release|Any CPU
		{AC40A442-F8F5-4DEB-A4A0-A4BA10420CE7}.Release|ARM64.Build.0 = Release|Any CPU
		{AC40A442-F8F5-4DEB-A4A0-A4BA10420CE7}.Release|iPhone.ActiveCfg = Release|Any CPU
		{AC40A442-F8F5-4DEB-A4A0-A4BA10420CE7}.Release|iPhone.Build.0 = Release|Any CPU
		{AC40A442-F8F5-4DEB-A4A0-A4BA10420CE7}.Release|iPhoneSimulator.ActiveCfg = Release|Any CPU
		{AC40A442-F8F5-4DEB-A4A0-A4BA10420CE7}.Release|iPhoneSimulator.Build.0 = Release|Any CPU
		{AC40A442-F8F5-4DEB-A4A0-A4BA10420CE7}.Release|x64.ActiveCfg = Release|Any CPU
		{AC40A442-F8F5-4DEB-A4A0-A4BA10420CE7}.Release|x64.Build.0 = Release|Any CPU
		{AC40A442-F8F5-4DEB-A4A0-A4BA10420CE7}.Release|x86.ActiveCfg = Release|Any CPU
		{AC40A442-F8F5-4DEB-A4A0-A4BA10420CE7}.Release|x86.Build.0 = Release|Any CPU
		{85322983-A41F-401D-890B-304A10C44BBF}.Ad-Hoc|Any CPU.ActiveCfg = Release|Any CPU
		{85322983-A41F-401D-890B-304A10C44BBF}.Ad-Hoc|Any CPU.Build.0 = Release|Any CPU
		{85322983-A41F-401D-890B-304A10C44BBF}.Ad-Hoc|Any CPU.Deploy.0 = Release|Any CPU
		{85322983-A41F-401D-890B-304A10C44BBF}.Ad-Hoc|ARM.ActiveCfg = Debug|Any CPU
		{85322983-A41F-401D-890B-304A10C44BBF}.Ad-Hoc|ARM.Build.0 = Debug|Any CPU
		{85322983-A41F-401D-890B-304A10C44BBF}.Ad-Hoc|ARM.Deploy.0 = Debug|Any CPU
		{85322983-A41F-401D-890B-304A10C44BBF}.Ad-Hoc|ARM64.ActiveCfg = Debug|Any CPU
		{85322983-A41F-401D-890B-304A10C44BBF}.Ad-Hoc|ARM64.Build.0 = Debug|Any CPU
		{85322983-A41F-401D-890B-304A10C44BBF}.Ad-Hoc|ARM64.Deploy.0 = Debug|Any CPU
		{85322983-A41F-401D-890B-304A10C44BBF}.Ad-Hoc|iPhone.ActiveCfg = Debug|Any CPU
		{85322983-A41F-401D-890B-304A10C44BBF}.Ad-Hoc|iPhone.Build.0 = Debug|Any CPU
		{85322983-A41F-401D-890B-304A10C44BBF}.Ad-Hoc|iPhone.Deploy.0 = Debug|Any CPU
		{85322983-A41F-401D-890B-304A10C44BBF}.Ad-Hoc|iPhoneSimulator.ActiveCfg = Release|Any CPU
		{85322983-A41F-401D-890B-304A10C44BBF}.Ad-Hoc|iPhoneSimulator.Build.0 = Release|Any CPU
		{85322983-A41F-401D-890B-304A10C44BBF}.Ad-Hoc|iPhoneSimulator.Deploy.0 = Release|Any CPU
		{85322983-A41F-401D-890B-304A10C44BBF}.Ad-Hoc|x64.ActiveCfg = Debug|Any CPU
		{85322983-A41F-401D-890B-304A10C44BBF}.Ad-Hoc|x64.Build.0 = Debug|Any CPU
		{85322983-A41F-401D-890B-304A10C44BBF}.Ad-Hoc|x64.Deploy.0 = Debug|Any CPU
		{85322983-A41F-401D-890B-304A10C44BBF}.Ad-Hoc|x86.ActiveCfg = Debug|Any CPU
		{85322983-A41F-401D-890B-304A10C44BBF}.Ad-Hoc|x86.Build.0 = Debug|Any CPU
		{85322983-A41F-401D-890B-304A10C44BBF}.Ad-Hoc|x86.Deploy.0 = Debug|Any CPU
		{85322983-A41F-401D-890B-304A10C44BBF}.AppStore|Any CPU.ActiveCfg = Release|Any CPU
		{85322983-A41F-401D-890B-304A10C44BBF}.AppStore|Any CPU.Build.0 = Release|Any CPU
		{85322983-A41F-401D-890B-304A10C44BBF}.AppStore|Any CPU.Deploy.0 = Release|Any CPU
		{85322983-A41F-401D-890B-304A10C44BBF}.AppStore|ARM.ActiveCfg = Debug|Any CPU
		{85322983-A41F-401D-890B-304A10C44BBF}.AppStore|ARM.Build.0 = Debug|Any CPU
		{85322983-A41F-401D-890B-304A10C44BBF}.AppStore|ARM.Deploy.0 = Debug|Any CPU
		{85322983-A41F-401D-890B-304A10C44BBF}.AppStore|ARM64.ActiveCfg = Debug|Any CPU
		{85322983-A41F-401D-890B-304A10C44BBF}.AppStore|ARM64.Build.0 = Debug|Any CPU
		{85322983-A41F-401D-890B-304A10C44BBF}.AppStore|ARM64.Deploy.0 = Debug|Any CPU
		{85322983-A41F-401D-890B-304A10C44BBF}.AppStore|iPhone.ActiveCfg = Debug|Any CPU
		{85322983-A41F-401D-890B-304A10C44BBF}.AppStore|iPhone.Build.0 = Debug|Any CPU
		{85322983-A41F-401D-890B-304A10C44BBF}.AppStore|iPhone.Deploy.0 = Debug|Any CPU
		{85322983-A41F-401D-890B-304A10C44BBF}.AppStore|iPhoneSimulator.ActiveCfg = Release|Any CPU
		{85322983-A41F-401D-890B-304A10C44BBF}.AppStore|iPhoneSimulator.Build.0 = Release|Any CPU
		{85322983-A41F-401D-890B-304A10C44BBF}.AppStore|iPhoneSimulator.Deploy.0 = Release|Any CPU
		{85322983-A41F-401D-890B-304A10C44BBF}.AppStore|x64.ActiveCfg = Debug|Any CPU
		{85322983-A41F-401D-890B-304A10C44BBF}.AppStore|x64.Build.0 = Debug|Any CPU
		{85322983-A41F-401D-890B-304A10C44BBF}.AppStore|x64.Deploy.0 = Debug|Any CPU
		{85322983-A41F-401D-890B-304A10C44BBF}.AppStore|x86.ActiveCfg = Debug|Any CPU
		{85322983-A41F-401D-890B-304A10C44BBF}.AppStore|x86.Build.0 = Debug|Any CPU
		{85322983-A41F-401D-890B-304A10C44BBF}.AppStore|x86.Deploy.0 = Debug|Any CPU
		{85322983-A41F-401D-890B-304A10C44BBF}.Debug|Any CPU.ActiveCfg = Debug|Any CPU
		{85322983-A41F-401D-890B-304A10C44BBF}.Debug|Any CPU.Build.0 = Debug|Any CPU
		{85322983-A41F-401D-890B-304A10C44BBF}.Debug|Any CPU.Deploy.0 = Debug|Any CPU
		{85322983-A41F-401D-890B-304A10C44BBF}.Debug|ARM.ActiveCfg = Debug|Any CPU
		{85322983-A41F-401D-890B-304A10C44BBF}.Debug|ARM.Build.0 = Debug|Any CPU
		{85322983-A41F-401D-890B-304A10C44BBF}.Debug|ARM.Deploy.0 = Debug|Any CPU
		{85322983-A41F-401D-890B-304A10C44BBF}.Debug|ARM64.ActiveCfg = Debug|Any CPU
		{85322983-A41F-401D-890B-304A10C44BBF}.Debug|ARM64.Build.0 = Debug|Any CPU
		{85322983-A41F-401D-890B-304A10C44BBF}.Debug|ARM64.Deploy.0 = Debug|Any CPU
		{85322983-A41F-401D-890B-304A10C44BBF}.Debug|iPhone.ActiveCfg = Debug|Any CPU
		{85322983-A41F-401D-890B-304A10C44BBF}.Debug|iPhone.Build.0 = Debug|Any CPU
		{85322983-A41F-401D-890B-304A10C44BBF}.Debug|iPhone.Deploy.0 = Debug|Any CPU
		{85322983-A41F-401D-890B-304A10C44BBF}.Debug|iPhoneSimulator.ActiveCfg = Debug|Any CPU
		{85322983-A41F-401D-890B-304A10C44BBF}.Debug|iPhoneSimulator.Build.0 = Debug|Any CPU
		{85322983-A41F-401D-890B-304A10C44BBF}.Debug|iPhoneSimulator.Deploy.0 = Debug|Any CPU
		{85322983-A41F-401D-890B-304A10C44BBF}.Debug|x64.ActiveCfg = Debug|Any CPU
		{85322983-A41F-401D-890B-304A10C44BBF}.Debug|x64.Build.0 = Debug|Any CPU
		{85322983-A41F-401D-890B-304A10C44BBF}.Debug|x64.Deploy.0 = Debug|Any CPU
		{85322983-A41F-401D-890B-304A10C44BBF}.Debug|x86.ActiveCfg = Debug|Any CPU
		{85322983-A41F-401D-890B-304A10C44BBF}.Debug|x86.Build.0 = Debug|Any CPU
		{85322983-A41F-401D-890B-304A10C44BBF}.Debug|x86.Deploy.0 = Debug|Any CPU
		{85322983-A41F-401D-890B-304A10C44BBF}.Release|Any CPU.ActiveCfg = Release|Any CPU
		{85322983-A41F-401D-890B-304A10C44BBF}.Release|Any CPU.Build.0 = Release|Any CPU
		{85322983-A41F-401D-890B-304A10C44BBF}.Release|Any CPU.Deploy.0 = Release|Any CPU
		{85322983-A41F-401D-890B-304A10C44BBF}.Release|ARM.ActiveCfg = Release|Any CPU
		{85322983-A41F-401D-890B-304A10C44BBF}.Release|ARM.Build.0 = Release|Any CPU
		{85322983-A41F-401D-890B-304A10C44BBF}.Release|ARM.Deploy.0 = Release|Any CPU
		{85322983-A41F-401D-890B-304A10C44BBF}.Release|ARM64.ActiveCfg = Release|Any CPU
		{85322983-A41F-401D-890B-304A10C44BBF}.Release|ARM64.Build.0 = Release|Any CPU
		{85322983-A41F-401D-890B-304A10C44BBF}.Release|ARM64.Deploy.0 = Release|Any CPU
		{85322983-A41F-401D-890B-304A10C44BBF}.Release|iPhone.ActiveCfg = Release|Any CPU
		{85322983-A41F-401D-890B-304A10C44BBF}.Release|iPhone.Build.0 = Release|Any CPU
		{85322983-A41F-401D-890B-304A10C44BBF}.Release|iPhone.Deploy.0 = Release|Any CPU
		{85322983-A41F-401D-890B-304A10C44BBF}.Release|iPhoneSimulator.ActiveCfg = Release|Any CPU
		{85322983-A41F-401D-890B-304A10C44BBF}.Release|iPhoneSimulator.Build.0 = Release|Any CPU
		{85322983-A41F-401D-890B-304A10C44BBF}.Release|iPhoneSimulator.Deploy.0 = Release|Any CPU
		{85322983-A41F-401D-890B-304A10C44BBF}.Release|x64.ActiveCfg = Release|Any CPU
		{85322983-A41F-401D-890B-304A10C44BBF}.Release|x64.Build.0 = Release|Any CPU
		{85322983-A41F-401D-890B-304A10C44BBF}.Release|x64.Deploy.0 = Release|Any CPU
		{85322983-A41F-401D-890B-304A10C44BBF}.Release|x86.ActiveCfg = Release|Any CPU
		{85322983-A41F-401D-890B-304A10C44BBF}.Release|x86.Build.0 = Release|Any CPU
		{85322983-A41F-401D-890B-304A10C44BBF}.Release|x86.Deploy.0 = Release|Any CPU
		{9278605F-16C4-4BFA-BD7B-54D4C8E1D338}.Ad-Hoc|Any CPU.ActiveCfg = Ad-Hoc|iPhoneSimulator
		{9278605F-16C4-4BFA-BD7B-54D4C8E1D338}.Ad-Hoc|ARM.ActiveCfg = Ad-Hoc|iPhone
		{9278605F-16C4-4BFA-BD7B-54D4C8E1D338}.Ad-Hoc|ARM64.ActiveCfg = Ad-Hoc|iPhone
		{9278605F-16C4-4BFA-BD7B-54D4C8E1D338}.Ad-Hoc|iPhone.ActiveCfg = Ad-Hoc|iPhone
		{9278605F-16C4-4BFA-BD7B-54D4C8E1D338}.Ad-Hoc|iPhone.Build.0 = Ad-Hoc|iPhone
		{9278605F-16C4-4BFA-BD7B-54D4C8E1D338}.Ad-Hoc|iPhone.Deploy.0 = Ad-Hoc|iPhone
		{9278605F-16C4-4BFA-BD7B-54D4C8E1D338}.Ad-Hoc|iPhoneSimulator.ActiveCfg = Ad-Hoc|iPhoneSimulator
		{9278605F-16C4-4BFA-BD7B-54D4C8E1D338}.Ad-Hoc|iPhoneSimulator.Build.0 = Ad-Hoc|iPhoneSimulator
		{9278605F-16C4-4BFA-BD7B-54D4C8E1D338}.Ad-Hoc|x64.ActiveCfg = Ad-Hoc|iPhone
		{9278605F-16C4-4BFA-BD7B-54D4C8E1D338}.Ad-Hoc|x86.ActiveCfg = Ad-Hoc|iPhone
		{9278605F-16C4-4BFA-BD7B-54D4C8E1D338}.AppStore|Any CPU.ActiveCfg = AppStore|iPhoneSimulator
		{9278605F-16C4-4BFA-BD7B-54D4C8E1D338}.AppStore|ARM.ActiveCfg = AppStore|iPhone
		{9278605F-16C4-4BFA-BD7B-54D4C8E1D338}.AppStore|ARM64.ActiveCfg = AppStore|iPhone
		{9278605F-16C4-4BFA-BD7B-54D4C8E1D338}.AppStore|iPhone.ActiveCfg = AppStore|iPhone
		{9278605F-16C4-4BFA-BD7B-54D4C8E1D338}.AppStore|iPhone.Build.0 = AppStore|iPhone
		{9278605F-16C4-4BFA-BD7B-54D4C8E1D338}.AppStore|iPhone.Deploy.0 = AppStore|iPhone
		{9278605F-16C4-4BFA-BD7B-54D4C8E1D338}.AppStore|iPhoneSimulator.ActiveCfg = AppStore|iPhoneSimulator
		{9278605F-16C4-4BFA-BD7B-54D4C8E1D338}.AppStore|iPhoneSimulator.Build.0 = AppStore|iPhoneSimulator
		{9278605F-16C4-4BFA-BD7B-54D4C8E1D338}.AppStore|x64.ActiveCfg = AppStore|iPhone
		{9278605F-16C4-4BFA-BD7B-54D4C8E1D338}.AppStore|x86.ActiveCfg = AppStore|iPhone
		{9278605F-16C4-4BFA-BD7B-54D4C8E1D338}.Debug|Any CPU.ActiveCfg = Debug|iPhoneSimulator
		{9278605F-16C4-4BFA-BD7B-54D4C8E1D338}.Debug|Any CPU.Build.0 = Debug|iPhoneSimulator
		{9278605F-16C4-4BFA-BD7B-54D4C8E1D338}.Debug|Any CPU.Deploy.0 = Debug|iPhoneSimulator
		{9278605F-16C4-4BFA-BD7B-54D4C8E1D338}.Debug|ARM.ActiveCfg = Debug|iPhone
		{9278605F-16C4-4BFA-BD7B-54D4C8E1D338}.Debug|ARM64.ActiveCfg = Debug|iPhone
		{9278605F-16C4-4BFA-BD7B-54D4C8E1D338}.Debug|iPhone.ActiveCfg = Debug|iPhone
		{9278605F-16C4-4BFA-BD7B-54D4C8E1D338}.Debug|iPhone.Build.0 = Debug|iPhone
		{9278605F-16C4-4BFA-BD7B-54D4C8E1D338}.Debug|iPhone.Deploy.0 = Debug|iPhone
		{9278605F-16C4-4BFA-BD7B-54D4C8E1D338}.Debug|iPhoneSimulator.ActiveCfg = Debug|iPhoneSimulator
		{9278605F-16C4-4BFA-BD7B-54D4C8E1D338}.Debug|iPhoneSimulator.Build.0 = Debug|iPhoneSimulator
		{9278605F-16C4-4BFA-BD7B-54D4C8E1D338}.Debug|iPhoneSimulator.Deploy.0 = Debug|iPhoneSimulator
		{9278605F-16C4-4BFA-BD7B-54D4C8E1D338}.Debug|x64.ActiveCfg = Debug|iPhone
		{9278605F-16C4-4BFA-BD7B-54D4C8E1D338}.Debug|x86.ActiveCfg = Debug|iPhone
		{9278605F-16C4-4BFA-BD7B-54D4C8E1D338}.Release|Any CPU.ActiveCfg = Release|iPhoneSimulator
		{9278605F-16C4-4BFA-BD7B-54D4C8E1D338}.Release|Any CPU.Build.0 = Release|iPhoneSimulator
		{9278605F-16C4-4BFA-BD7B-54D4C8E1D338}.Release|Any CPU.Deploy.0 = Release|iPhoneSimulator
		{9278605F-16C4-4BFA-BD7B-54D4C8E1D338}.Release|ARM.ActiveCfg = Release|iPhone
		{9278605F-16C4-4BFA-BD7B-54D4C8E1D338}.Release|ARM64.ActiveCfg = Release|iPhone
		{9278605F-16C4-4BFA-BD7B-54D4C8E1D338}.Release|iPhone.ActiveCfg = Release|iPhone
		{9278605F-16C4-4BFA-BD7B-54D4C8E1D338}.Release|iPhone.Build.0 = Release|iPhone
		{9278605F-16C4-4BFA-BD7B-54D4C8E1D338}.Release|iPhone.Deploy.0 = Release|iPhone
		{9278605F-16C4-4BFA-BD7B-54D4C8E1D338}.Release|iPhoneSimulator.ActiveCfg = Release|iPhoneSimulator
		{9278605F-16C4-4BFA-BD7B-54D4C8E1D338}.Release|iPhoneSimulator.Build.0 = Release|iPhoneSimulator
		{9278605F-16C4-4BFA-BD7B-54D4C8E1D338}.Release|iPhoneSimulator.Deploy.0 = Release|iPhoneSimulator
		{9278605F-16C4-4BFA-BD7B-54D4C8E1D338}.Release|x64.ActiveCfg = Release|iPhone
		{9278605F-16C4-4BFA-BD7B-54D4C8E1D338}.Release|x86.ActiveCfg = Release|iPhone
		{C1D75469-027A-4C4A-9CBD-45B1E7E3F520}.Ad-Hoc|Any CPU.ActiveCfg = Release|Any CPU
		{C1D75469-027A-4C4A-9CBD-45B1E7E3F520}.Ad-Hoc|Any CPU.Build.0 = Release|Any CPU
		{C1D75469-027A-4C4A-9CBD-45B1E7E3F520}.Ad-Hoc|ARM.ActiveCfg = Release|Any CPU
		{C1D75469-027A-4C4A-9CBD-45B1E7E3F520}.Ad-Hoc|ARM.Build.0 = Release|Any CPU
		{C1D75469-027A-4C4A-9CBD-45B1E7E3F520}.Ad-Hoc|ARM64.ActiveCfg = Release|Any CPU
		{C1D75469-027A-4C4A-9CBD-45B1E7E3F520}.Ad-Hoc|ARM64.Build.0 = Release|Any CPU
		{C1D75469-027A-4C4A-9CBD-45B1E7E3F520}.Ad-Hoc|iPhone.ActiveCfg = Release|Any CPU
		{C1D75469-027A-4C4A-9CBD-45B1E7E3F520}.Ad-Hoc|iPhone.Build.0 = Release|Any CPU
		{C1D75469-027A-4C4A-9CBD-45B1E7E3F520}.Ad-Hoc|iPhoneSimulator.ActiveCfg = Release|Any CPU
		{C1D75469-027A-4C4A-9CBD-45B1E7E3F520}.Ad-Hoc|iPhoneSimulator.Build.0 = Release|Any CPU
		{C1D75469-027A-4C4A-9CBD-45B1E7E3F520}.Ad-Hoc|x64.ActiveCfg = Release|Any CPU
		{C1D75469-027A-4C4A-9CBD-45B1E7E3F520}.Ad-Hoc|x64.Build.0 = Release|Any CPU
		{C1D75469-027A-4C4A-9CBD-45B1E7E3F520}.Ad-Hoc|x86.ActiveCfg = Release|Any CPU
		{C1D75469-027A-4C4A-9CBD-45B1E7E3F520}.Ad-Hoc|x86.Build.0 = Release|Any CPU
		{C1D75469-027A-4C4A-9CBD-45B1E7E3F520}.AppStore|Any CPU.ActiveCfg = Release|Any CPU
		{C1D75469-027A-4C4A-9CBD-45B1E7E3F520}.AppStore|Any CPU.Build.0 = Release|Any CPU
		{C1D75469-027A-4C4A-9CBD-45B1E7E3F520}.AppStore|ARM.ActiveCfg = Release|Any CPU
		{C1D75469-027A-4C4A-9CBD-45B1E7E3F520}.AppStore|ARM.Build.0 = Release|Any CPU
		{C1D75469-027A-4C4A-9CBD-45B1E7E3F520}.AppStore|ARM64.ActiveCfg = Release|Any CPU
		{C1D75469-027A-4C4A-9CBD-45B1E7E3F520}.AppStore|ARM64.Build.0 = Release|Any CPU
		{C1D75469-027A-4C4A-9CBD-45B1E7E3F520}.AppStore|iPhone.ActiveCfg = Release|Any CPU
		{C1D75469-027A-4C4A-9CBD-45B1E7E3F520}.AppStore|iPhone.Build.0 = Release|Any CPU
		{C1D75469-027A-4C4A-9CBD-45B1E7E3F520}.AppStore|iPhoneSimulator.ActiveCfg = Release|Any CPU
		{C1D75469-027A-4C4A-9CBD-45B1E7E3F520}.AppStore|iPhoneSimulator.Build.0 = Release|Any CPU
		{C1D75469-027A-4C4A-9CBD-45B1E7E3F520}.AppStore|x64.ActiveCfg = Release|Any CPU
		{C1D75469-027A-4C4A-9CBD-45B1E7E3F520}.AppStore|x64.Build.0 = Release|Any CPU
		{C1D75469-027A-4C4A-9CBD-45B1E7E3F520}.AppStore|x86.ActiveCfg = Release|Any CPU
		{C1D75469-027A-4C4A-9CBD-45B1E7E3F520}.AppStore|x86.Build.0 = Release|Any CPU
		{C1D75469-027A-4C4A-9CBD-45B1E7E3F520}.Debug|Any CPU.ActiveCfg = Debug|Any CPU
		{C1D75469-027A-4C4A-9CBD-45B1E7E3F520}.Debug|Any CPU.Build.0 = Debug|Any CPU
		{C1D75469-027A-4C4A-9CBD-45B1E7E3F520}.Debug|ARM.ActiveCfg = Debug|Any CPU
		{C1D75469-027A-4C4A-9CBD-45B1E7E3F520}.Debug|ARM.Build.0 = Debug|Any CPU
		{C1D75469-027A-4C4A-9CBD-45B1E7E3F520}.Debug|ARM64.ActiveCfg = Debug|Any CPU
		{C1D75469-027A-4C4A-9CBD-45B1E7E3F520}.Debug|ARM64.Build.0 = Debug|Any CPU
		{C1D75469-027A-4C4A-9CBD-45B1E7E3F520}.Debug|iPhone.ActiveCfg = Debug|Any CPU
		{C1D75469-027A-4C4A-9CBD-45B1E7E3F520}.Debug|iPhone.Build.0 = Debug|Any CPU
		{C1D75469-027A-4C4A-9CBD-45B1E7E3F520}.Debug|iPhoneSimulator.ActiveCfg = Debug|Any CPU
		{C1D75469-027A-4C4A-9CBD-45B1E7E3F520}.Debug|iPhoneSimulator.Build.0 = Debug|Any CPU
		{C1D75469-027A-4C4A-9CBD-45B1E7E3F520}.Debug|x64.ActiveCfg = Debug|Any CPU
		{C1D75469-027A-4C4A-9CBD-45B1E7E3F520}.Debug|x64.Build.0 = Debug|Any CPU
		{C1D75469-027A-4C4A-9CBD-45B1E7E3F520}.Debug|x86.ActiveCfg = Debug|Any CPU
		{C1D75469-027A-4C4A-9CBD-45B1E7E3F520}.Debug|x86.Build.0 = Debug|Any CPU
		{C1D75469-027A-4C4A-9CBD-45B1E7E3F520}.Release|Any CPU.ActiveCfg = Release|Any CPU
		{C1D75469-027A-4C4A-9CBD-45B1E7E3F520}.Release|Any CPU.Build.0 = Release|Any CPU
		{C1D75469-027A-4C4A-9CBD-45B1E7E3F520}.Release|ARM.ActiveCfg = Release|Any CPU
		{C1D75469-027A-4C4A-9CBD-45B1E7E3F520}.Release|ARM.Build.0 = Release|Any CPU
		{C1D75469-027A-4C4A-9CBD-45B1E7E3F520}.Release|ARM64.ActiveCfg = Release|Any CPU
		{C1D75469-027A-4C4A-9CBD-45B1E7E3F520}.Release|ARM64.Build.0 = Release|Any CPU
		{C1D75469-027A-4C4A-9CBD-45B1E7E3F520}.Release|iPhone.ActiveCfg = Release|Any CPU
		{C1D75469-027A-4C4A-9CBD-45B1E7E3F520}.Release|iPhone.Build.0 = Release|Any CPU
		{C1D75469-027A-4C4A-9CBD-45B1E7E3F520}.Release|iPhoneSimulator.ActiveCfg = Release|Any CPU
		{C1D75469-027A-4C4A-9CBD-45B1E7E3F520}.Release|iPhoneSimulator.Build.0 = Release|Any CPU
		{C1D75469-027A-4C4A-9CBD-45B1E7E3F520}.Release|x64.ActiveCfg = Release|Any CPU
		{C1D75469-027A-4C4A-9CBD-45B1E7E3F520}.Release|x64.Build.0 = Release|Any CPU
		{C1D75469-027A-4C4A-9CBD-45B1E7E3F520}.Release|x86.ActiveCfg = Release|Any CPU
		{C1D75469-027A-4C4A-9CBD-45B1E7E3F520}.Release|x86.Build.0 = Release|Any CPU
		{86F83A6A-48D8-4BEA-8E1D-5A93B396E57F}.Ad-Hoc|Any CPU.ActiveCfg = Release|x64
		{86F83A6A-48D8-4BEA-8E1D-5A93B396E57F}.Ad-Hoc|Any CPU.Build.0 = Release|x64
		{86F83A6A-48D8-4BEA-8E1D-5A93B396E57F}.Ad-Hoc|Any CPU.Deploy.0 = Release|x64
		{86F83A6A-48D8-4BEA-8E1D-5A93B396E57F}.Ad-Hoc|ARM.ActiveCfg = Release|ARM
		{86F83A6A-48D8-4BEA-8E1D-5A93B396E57F}.Ad-Hoc|ARM.Build.0 = Release|ARM
		{86F83A6A-48D8-4BEA-8E1D-5A93B396E57F}.Ad-Hoc|ARM.Deploy.0 = Release|ARM
		{86F83A6A-48D8-4BEA-8E1D-5A93B396E57F}.Ad-Hoc|ARM64.ActiveCfg = Release|ARM64
		{86F83A6A-48D8-4BEA-8E1D-5A93B396E57F}.Ad-Hoc|ARM64.Build.0 = Release|ARM64
		{86F83A6A-48D8-4BEA-8E1D-5A93B396E57F}.Ad-Hoc|ARM64.Deploy.0 = Release|ARM64
		{86F83A6A-48D8-4BEA-8E1D-5A93B396E57F}.Ad-Hoc|iPhone.ActiveCfg = Release|x64
		{86F83A6A-48D8-4BEA-8E1D-5A93B396E57F}.Ad-Hoc|iPhone.Build.0 = Release|x64
		{86F83A6A-48D8-4BEA-8E1D-5A93B396E57F}.Ad-Hoc|iPhone.Deploy.0 = Release|x64
		{86F83A6A-48D8-4BEA-8E1D-5A93B396E57F}.Ad-Hoc|iPhoneSimulator.ActiveCfg = Release|x64
		{86F83A6A-48D8-4BEA-8E1D-5A93B396E57F}.Ad-Hoc|iPhoneSimulator.Build.0 = Release|x64
		{86F83A6A-48D8-4BEA-8E1D-5A93B396E57F}.Ad-Hoc|iPhoneSimulator.Deploy.0 = Release|x64
		{86F83A6A-48D8-4BEA-8E1D-5A93B396E57F}.Ad-Hoc|x64.ActiveCfg = Release|x64
		{86F83A6A-48D8-4BEA-8E1D-5A93B396E57F}.Ad-Hoc|x64.Build.0 = Release|x64
		{86F83A6A-48D8-4BEA-8E1D-5A93B396E57F}.Ad-Hoc|x64.Deploy.0 = Release|x64
		{86F83A6A-48D8-4BEA-8E1D-5A93B396E57F}.Ad-Hoc|x86.ActiveCfg = Release|x86
		{86F83A6A-48D8-4BEA-8E1D-5A93B396E57F}.Ad-Hoc|x86.Build.0 = Release|x86
		{86F83A6A-48D8-4BEA-8E1D-5A93B396E57F}.Ad-Hoc|x86.Deploy.0 = Release|x86
		{86F83A6A-48D8-4BEA-8E1D-5A93B396E57F}.AppStore|Any CPU.ActiveCfg = Release|x64
		{86F83A6A-48D8-4BEA-8E1D-5A93B396E57F}.AppStore|Any CPU.Build.0 = Release|x64
		{86F83A6A-48D8-4BEA-8E1D-5A93B396E57F}.AppStore|Any CPU.Deploy.0 = Release|x64
		{86F83A6A-48D8-4BEA-8E1D-5A93B396E57F}.AppStore|ARM.ActiveCfg = Release|ARM
		{86F83A6A-48D8-4BEA-8E1D-5A93B396E57F}.AppStore|ARM.Build.0 = Release|ARM
		{86F83A6A-48D8-4BEA-8E1D-5A93B396E57F}.AppStore|ARM.Deploy.0 = Release|ARM
		{86F83A6A-48D8-4BEA-8E1D-5A93B396E57F}.AppStore|ARM64.ActiveCfg = Release|ARM64
		{86F83A6A-48D8-4BEA-8E1D-5A93B396E57F}.AppStore|ARM64.Build.0 = Release|ARM64
		{86F83A6A-48D8-4BEA-8E1D-5A93B396E57F}.AppStore|ARM64.Deploy.0 = Release|ARM64
		{86F83A6A-48D8-4BEA-8E1D-5A93B396E57F}.AppStore|iPhone.ActiveCfg = Release|x64
		{86F83A6A-48D8-4BEA-8E1D-5A93B396E57F}.AppStore|iPhone.Build.0 = Release|x64
		{86F83A6A-48D8-4BEA-8E1D-5A93B396E57F}.AppStore|iPhone.Deploy.0 = Release|x64
		{86F83A6A-48D8-4BEA-8E1D-5A93B396E57F}.AppStore|iPhoneSimulator.ActiveCfg = Release|x64
		{86F83A6A-48D8-4BEA-8E1D-5A93B396E57F}.AppStore|iPhoneSimulator.Build.0 = Release|x64
		{86F83A6A-48D8-4BEA-8E1D-5A93B396E57F}.AppStore|iPhoneSimulator.Deploy.0 = Release|x64
		{86F83A6A-48D8-4BEA-8E1D-5A93B396E57F}.AppStore|x64.ActiveCfg = Release|x64
		{86F83A6A-48D8-4BEA-8E1D-5A93B396E57F}.AppStore|x64.Build.0 = Release|x64
		{86F83A6A-48D8-4BEA-8E1D-5A93B396E57F}.AppStore|x64.Deploy.0 = Release|x64
		{86F83A6A-48D8-4BEA-8E1D-5A93B396E57F}.AppStore|x86.ActiveCfg = Release|x86
		{86F83A6A-48D8-4BEA-8E1D-5A93B396E57F}.AppStore|x86.Build.0 = Release|x86
		{86F83A6A-48D8-4BEA-8E1D-5A93B396E57F}.AppStore|x86.Deploy.0 = Release|x86
		{86F83A6A-48D8-4BEA-8E1D-5A93B396E57F}.Debug|Any CPU.ActiveCfg = Debug|x86
		{86F83A6A-48D8-4BEA-8E1D-5A93B396E57F}.Debug|ARM.ActiveCfg = Debug|ARM
		{86F83A6A-48D8-4BEA-8E1D-5A93B396E57F}.Debug|ARM.Build.0 = Debug|ARM
		{86F83A6A-48D8-4BEA-8E1D-5A93B396E57F}.Debug|ARM.Deploy.0 = Debug|ARM
		{86F83A6A-48D8-4BEA-8E1D-5A93B396E57F}.Debug|ARM64.ActiveCfg = Debug|ARM64
		{86F83A6A-48D8-4BEA-8E1D-5A93B396E57F}.Debug|ARM64.Build.0 = Debug|ARM64
		{86F83A6A-48D8-4BEA-8E1D-5A93B396E57F}.Debug|ARM64.Deploy.0 = Debug|ARM64
		{86F83A6A-48D8-4BEA-8E1D-5A93B396E57F}.Debug|iPhone.ActiveCfg = Debug|x86
		{86F83A6A-48D8-4BEA-8E1D-5A93B396E57F}.Debug|iPhoneSimulator.ActiveCfg = Debug|x86
		{86F83A6A-48D8-4BEA-8E1D-5A93B396E57F}.Debug|x64.ActiveCfg = Debug|x64
		{86F83A6A-48D8-4BEA-8E1D-5A93B396E57F}.Debug|x64.Build.0 = Debug|x64
		{86F83A6A-48D8-4BEA-8E1D-5A93B396E57F}.Debug|x64.Deploy.0 = Debug|x64
		{86F83A6A-48D8-4BEA-8E1D-5A93B396E57F}.Debug|x86.ActiveCfg = Debug|x86
		{86F83A6A-48D8-4BEA-8E1D-5A93B396E57F}.Debug|x86.Build.0 = Debug|x86
		{86F83A6A-48D8-4BEA-8E1D-5A93B396E57F}.Debug|x86.Deploy.0 = Debug|x86
		{86F83A6A-48D8-4BEA-8E1D-5A93B396E57F}.Release|Any CPU.ActiveCfg = Release|x86
		{86F83A6A-48D8-4BEA-8E1D-5A93B396E57F}.Release|ARM.ActiveCfg = Release|ARM
		{86F83A6A-48D8-4BEA-8E1D-5A93B396E57F}.Release|ARM.Build.0 = Release|ARM
		{86F83A6A-48D8-4BEA-8E1D-5A93B396E57F}.Release|ARM.Deploy.0 = Release|ARM
		{86F83A6A-48D8-4BEA-8E1D-5A93B396E57F}.Release|ARM64.ActiveCfg = Release|ARM64
		{86F83A6A-48D8-4BEA-8E1D-5A93B396E57F}.Release|ARM64.Build.0 = Release|ARM64
		{86F83A6A-48D8-4BEA-8E1D-5A93B396E57F}.Release|ARM64.Deploy.0 = Release|ARM64
		{86F83A6A-48D8-4BEA-8E1D-5A93B396E57F}.Release|iPhone.ActiveCfg = Release|x86
		{86F83A6A-48D8-4BEA-8E1D-5A93B396E57F}.Release|iPhoneSimulator.ActiveCfg = Release|x86
		{86F83A6A-48D8-4BEA-8E1D-5A93B396E57F}.Release|x64.ActiveCfg = Release|x64
		{86F83A6A-48D8-4BEA-8E1D-5A93B396E57F}.Release|x64.Build.0 = Release|x64
		{86F83A6A-48D8-4BEA-8E1D-5A93B396E57F}.Release|x64.Deploy.0 = Release|x64
		{86F83A6A-48D8-4BEA-8E1D-5A93B396E57F}.Release|x86.ActiveCfg = Release|x86
		{86F83A6A-48D8-4BEA-8E1D-5A93B396E57F}.Release|x86.Build.0 = Release|x86
		{86F83A6A-48D8-4BEA-8E1D-5A93B396E57F}.Release|x86.Deploy.0 = Release|x86
		{65EF8BE8-140A-492A-9430-51E792B4E32A}.Ad-Hoc|Any CPU.ActiveCfg = Debug|Any CPU
		{65EF8BE8-140A-492A-9430-51E792B4E32A}.Ad-Hoc|Any CPU.Build.0 = Debug|Any CPU
		{65EF8BE8-140A-492A-9430-51E792B4E32A}.Ad-Hoc|ARM.ActiveCfg = Debug|Any CPU
		{65EF8BE8-140A-492A-9430-51E792B4E32A}.Ad-Hoc|ARM.Build.0 = Debug|Any CPU
		{65EF8BE8-140A-492A-9430-51E792B4E32A}.Ad-Hoc|ARM64.ActiveCfg = Debug|Any CPU
		{65EF8BE8-140A-492A-9430-51E792B4E32A}.Ad-Hoc|ARM64.Build.0 = Debug|Any CPU
		{65EF8BE8-140A-492A-9430-51E792B4E32A}.Ad-Hoc|iPhone.ActiveCfg = Debug|Any CPU
		{65EF8BE8-140A-492A-9430-51E792B4E32A}.Ad-Hoc|iPhone.Build.0 = Debug|Any CPU
		{65EF8BE8-140A-492A-9430-51E792B4E32A}.Ad-Hoc|iPhoneSimulator.ActiveCfg = Debug|Any CPU
		{65EF8BE8-140A-492A-9430-51E792B4E32A}.Ad-Hoc|iPhoneSimulator.Build.0 = Debug|Any CPU
		{65EF8BE8-140A-492A-9430-51E792B4E32A}.Ad-Hoc|x64.ActiveCfg = Debug|Any CPU
		{65EF8BE8-140A-492A-9430-51E792B4E32A}.Ad-Hoc|x64.Build.0 = Debug|Any CPU
		{65EF8BE8-140A-492A-9430-51E792B4E32A}.Ad-Hoc|x86.ActiveCfg = Debug|Any CPU
		{65EF8BE8-140A-492A-9430-51E792B4E32A}.Ad-Hoc|x86.Build.0 = Debug|Any CPU
		{65EF8BE8-140A-492A-9430-51E792B4E32A}.AppStore|Any CPU.ActiveCfg = Debug|Any CPU
		{65EF8BE8-140A-492A-9430-51E792B4E32A}.AppStore|Any CPU.Build.0 = Debug|Any CPU
		{65EF8BE8-140A-492A-9430-51E792B4E32A}.AppStore|ARM.ActiveCfg = Debug|Any CPU
		{65EF8BE8-140A-492A-9430-51E792B4E32A}.AppStore|ARM.Build.0 = Debug|Any CPU
		{65EF8BE8-140A-492A-9430-51E792B4E32A}.AppStore|ARM64.ActiveCfg = Debug|Any CPU
		{65EF8BE8-140A-492A-9430-51E792B4E32A}.AppStore|ARM64.Build.0 = Debug|Any CPU
		{65EF8BE8-140A-492A-9430-51E792B4E32A}.AppStore|iPhone.ActiveCfg = Debug|Any CPU
		{65EF8BE8-140A-492A-9430-51E792B4E32A}.AppStore|iPhone.Build.0 = Debug|Any CPU
		{65EF8BE8-140A-492A-9430-51E792B4E32A}.AppStore|iPhoneSimulator.ActiveCfg = Debug|Any CPU
		{65EF8BE8-140A-492A-9430-51E792B4E32A}.AppStore|iPhoneSimulator.Build.0 = Debug|Any CPU
		{65EF8BE8-140A-492A-9430-51E792B4E32A}.AppStore|x64.ActiveCfg = Debug|Any CPU
		{65EF8BE8-140A-492A-9430-51E792B4E32A}.AppStore|x64.Build.0 = Debug|Any CPU
		{65EF8BE8-140A-492A-9430-51E792B4E32A}.AppStore|x86.ActiveCfg = Debug|Any CPU
		{65EF8BE8-140A-492A-9430-51E792B4E32A}.AppStore|x86.Build.0 = Debug|Any CPU
		{65EF8BE8-140A-492A-9430-51E792B4E32A}.Debug|Any CPU.ActiveCfg = Debug|Any CPU
		{65EF8BE8-140A-492A-9430-51E792B4E32A}.Debug|Any CPU.Build.0 = Debug|Any CPU
		{65EF8BE8-140A-492A-9430-51E792B4E32A}.Debug|ARM.ActiveCfg = Debug|Any CPU
		{65EF8BE8-140A-492A-9430-51E792B4E32A}.Debug|ARM.Build.0 = Debug|Any CPU
		{65EF8BE8-140A-492A-9430-51E792B4E32A}.Debug|ARM64.ActiveCfg = Debug|Any CPU
		{65EF8BE8-140A-492A-9430-51E792B4E32A}.Debug|ARM64.Build.0 = Debug|Any CPU
		{65EF8BE8-140A-492A-9430-51E792B4E32A}.Debug|iPhone.ActiveCfg = Debug|Any CPU
		{65EF8BE8-140A-492A-9430-51E792B4E32A}.Debug|iPhone.Build.0 = Debug|Any CPU
		{65EF8BE8-140A-492A-9430-51E792B4E32A}.Debug|iPhoneSimulator.ActiveCfg = Debug|Any CPU
		{65EF8BE8-140A-492A-9430-51E792B4E32A}.Debug|iPhoneSimulator.Build.0 = Debug|Any CPU
		{65EF8BE8-140A-492A-9430-51E792B4E32A}.Debug|x64.ActiveCfg = Debug|Any CPU
		{65EF8BE8-140A-492A-9430-51E792B4E32A}.Debug|x64.Build.0 = Debug|Any CPU
		{65EF8BE8-140A-492A-9430-51E792B4E32A}.Debug|x86.ActiveCfg = Debug|Any CPU
		{65EF8BE8-140A-492A-9430-51E792B4E32A}.Debug|x86.Build.0 = Debug|Any CPU
		{65EF8BE8-140A-492A-9430-51E792B4E32A}.Release|Any CPU.ActiveCfg = Release|Any CPU
		{65EF8BE8-140A-492A-9430-51E792B4E32A}.Release|Any CPU.Build.0 = Release|Any CPU
		{65EF8BE8-140A-492A-9430-51E792B4E32A}.Release|ARM.ActiveCfg = Release|Any CPU
		{65EF8BE8-140A-492A-9430-51E792B4E32A}.Release|ARM.Build.0 = Release|Any CPU
		{65EF8BE8-140A-492A-9430-51E792B4E32A}.Release|ARM64.ActiveCfg = Release|Any CPU
		{65EF8BE8-140A-492A-9430-51E792B4E32A}.Release|ARM64.Build.0 = Release|Any CPU
		{65EF8BE8-140A-492A-9430-51E792B4E32A}.Release|iPhone.ActiveCfg = Release|Any CPU
		{65EF8BE8-140A-492A-9430-51E792B4E32A}.Release|iPhone.Build.0 = Release|Any CPU
		{65EF8BE8-140A-492A-9430-51E792B4E32A}.Release|iPhoneSimulator.ActiveCfg = Release|Any CPU
		{65EF8BE8-140A-492A-9430-51E792B4E32A}.Release|iPhoneSimulator.Build.0 = Release|Any CPU
		{65EF8BE8-140A-492A-9430-51E792B4E32A}.Release|x64.ActiveCfg = Release|Any CPU
		{65EF8BE8-140A-492A-9430-51E792B4E32A}.Release|x64.Build.0 = Release|Any CPU
		{65EF8BE8-140A-492A-9430-51E792B4E32A}.Release|x86.ActiveCfg = Release|Any CPU
		{65EF8BE8-140A-492A-9430-51E792B4E32A}.Release|x86.Build.0 = Release|Any CPU
	EndGlobalSection
	GlobalSection(SolutionProperties) = preSolution
		HideSolutionNode = FALSE
	EndGlobalSection
	GlobalSection(NestedProjects) = preSolution
		{C1D75469-027A-4C4A-9CBD-45B1E7E3F520} = {8626FC66-254F-40DF-AB42-064C9AE97DE8}
		{65EF8BE8-140A-492A-9430-51E792B4E32A} = {8626FC66-254F-40DF-AB42-064C9AE97DE8}
	EndGlobalSection
	GlobalSection(ExtensibilityGlobals) = postSolution
		SolutionGuid = {3C57FCE8-E7C1-4036-90FA-4C9A8FD44D1F}
	EndGlobalSection
EndGlobal
